// !$*UTF8*$!
{
	archiveVersion = 1;
	classes = {
	};
	objectVersion = 50;
	objects = {

/* Begin PBXBuildFile section */
		F8C24E0424F9193500F2B63A /* AppDelegate.swift in Sources */ = {isa = PBXBuildFile; fileRef = F8C24E0324F9193500F2B63A /* AppDelegate.swift */; };
		F8C24E0624F9193500F2B63A /* SceneDelegate.swift in Sources */ = {isa = PBXBuildFile; fileRef = F8C24E0524F9193500F2B63A /* SceneDelegate.swift */; };
		F8C24E0824F9193500F2B63A /* ViewController.swift in Sources */ = {isa = PBXBuildFile; fileRef = F8C24E0724F9193500F2B63A /* ViewController.swift */; };
		F8C24E0B24F9193500F2B63A /* Main.storyboard in Resources */ = {isa = PBXBuildFile; fileRef = F8C24E0924F9193500F2B63A /* Main.storyboard */; };
		F8C24E0D24F9193800F2B63A /* Assets.xcassets in Resources */ = {isa = PBXBuildFile; fileRef = F8C24E0C24F9193800F2B63A /* Assets.xcassets */; };
		F8C24E1024F9193800F2B63A /* LaunchScreen.storyboard in Resources */ = {isa = PBXBuildFile; fileRef = F8C24E0E24F9193800F2B63A /* LaunchScreen.storyboard */; };
		F8C24E1D24F91A5B00F2B63A /* CollectionTableViewCell.swift in Sources */ = {isa = PBXBuildFile; fileRef = F8C24E1B24F91A5B00F2B63A /* CollectionTableViewCell.swift */; };
		F8C24E1E24F91A5B00F2B63A /* CollectionTableViewCell.xib in Resources */ = {isa = PBXBuildFile; fileRef = F8C24E1C24F91A5B00F2B63A /* CollectionTableViewCell.xib */; };
		F8C24E2124F91A8800F2B63A /* MyCollectionViewCell.swift in Sources */ = {isa = PBXBuildFile; fileRef = F8C24E1F24F91A8800F2B63A /* MyCollectionViewCell.swift */; };
		F8C24E2224F91A8800F2B63A /* MyCollectionViewCell.xib in Resources */ = {isa = PBXBuildFile; fileRef = F8C24E2024F91A8800F2B63A /* MyCollectionViewCell.xib */; };
/* End PBXBuildFile section */

/* Begin PBXFileReference section */
		F8C24E0024F9193500F2B63A /* collecionView.app */ = {isa = PBXFileReference; explicitFileType = wrapper.application; includeInIndex = 0; path = collecionView.app; sourceTree = BUILT_PRODUCTS_DIR; };
		F8C24E0324F9193500F2B63A /* AppDelegate.swift */ = {isa = PBXFileReference; lastKnownFileType = sourcecode.swift; path = AppDelegate.swift; sourceTree = "<group>"; };
		F8C24E0524F9193500F2B63A /* SceneDelegate.swift */ = {isa = PBXFileReference; lastKnownFileType = sourcecode.swift; path = SceneDelegate.swift; sourceTree = "<group>"; };
		F8C24E0724F9193500F2B63A /* ViewController.swift */ = {isa = PBXFileReference; lastKnownFileType = sourcecode.swift; path = ViewController.swift; sourceTree = "<group>"; };
		F8C24E0A24F9193500F2B63A /* Base */ = {isa = PBXFileReference; lastKnownFileType = file.storyboard; name = Base; path = Base.lproj/Main.storyboard; sourceTree = "<group>"; };
		F8C24E0C24F9193800F2B63A /* Assets.xcassets */ = {isa = PBXFileReference; lastKnownFileType = folder.assetcatalog; path = Assets.xcassets; sourceTree = "<group>"; };
		F8C24E0F24F9193800F2B63A /* Base */ = {isa = PBXFileReference; lastKnownFileType = file.storyboard; name = Base; path = Base.lproj/LaunchScreen.storyboard; sourceTree = "<group>"; };
		F8C24E1124F9193800F2B63A /* Info.plist */ = {isa = PBXFileReference; lastKnownFileType = text.plist.xml; path = Info.plist; sourceTree = "<group>"; };
		F8C24E1B24F91A5B00F2B63A /* CollectionTableViewCell.swift */ = {isa = PBXFileReference; lastKnownFileType = sourcecode.swift; path = CollectionTableViewCell.swift; sourceTree = "<group>"; };
		F8C24E1C24F91A5B00F2B63A /* CollectionTableViewCell.xib */ = {isa = PBXFileReference; lastKnownFileType = file.xib; path = CollectionTableViewCell.xib; sourceTree = "<group>"; };
		F8C24E1F24F91A8800F2B63A /* MyCollectionViewCell.swift */ = {isa = PBXFileReference; lastKnownFileType = sourcecode.swift; path = MyCollectionViewCell.swift; sourceTree = "<group>"; };
		F8C24E2024F91A8800F2B63A /* MyCollectionViewCell.xib */ = {isa = PBXFileReference; lastKnownFileType = file.xib; path = MyCollectionViewCell.xib; sourceTree = "<group>"; };
/* End PBXFileReference section */

/* Begin PBXFrameworksBuildPhase section */
		F8C24DFD24F9193500F2B63A /* Frameworks */ = {
			isa = PBXFrameworksBuildPhase;
			buildActionMask = 2147483647;
			files = (
			);
			runOnlyForDeploymentPostprocessing = 0;
		};
/* End PBXFrameworksBuildPhase section */

/* Begin PBXGroup section */
		F8C24DF724F9193500F2B63A = {
			isa = PBXGroup;
			children = (
				F8C24E0224F9193500F2B63A /* collecionView */,
				F8C24E0124F9193500F2B63A /* Products */,
			);
			sourceTree = "<group>";
		};
		F8C24E0124F9193500F2B63A /* Products */ = {
			isa = PBXGroup;
			children = (
				F8C24E0024F9193500F2B63A /* collecionView.app */,
			);
			name = Products;
			sourceTree = "<group>";
		};
		F8C24E0224F9193500F2B63A /* collecionView */ = {
			isa = PBXGroup;
			children = (
				F8C24E1824F91A1500F2B63A /* Collection Cell */,
				F8C24E1724F91A0200F2B63A /* Table Cell */,
				F8C24E0324F9193500F2B63A /* AppDelegate.swift */,
				F8C24E0524F9193500F2B63A /* SceneDelegate.swift */,
				F8C24E0724F9193500F2B63A /* ViewController.swift */,
				F8C24E0924F9193500F2B63A /* Main.storyboard */,
				F8C24E0C24F9193800F2B63A /* Assets.xcassets */,
				F8C24E0E24F9193800F2B63A /* LaunchScreen.storyboard */,
				F8C24E1124F9193800F2B63A /* Info.plist */,
			);
			path = collecionView;
			sourceTree = "<group>";
		};
		F8C24E1724F91A0200F2B63A /* Table Cell */ = {
			isa = PBXGroup;
			children = (
				F8C24E1B24F91A5B00F2B63A /* CollectionTableViewCell.swift */,
				F8C24E1C24F91A5B00F2B63A /* CollectionTableViewCell.xib */,
			);
			path = "Table Cell";
			sourceTree = "<group>";
		};
		F8C24E1824F91A1500F2B63A /* Collection Cell */ = {
			isa = PBXGroup;
			children = (
				F8C24E1F24F91A8800F2B63A /* MyCollectionViewCell.swift */,
				F8C24E2024F91A8800F2B63A /* MyCollectionViewCell.xib */,
			);
			path = "Collection Cell";
			sourceTree = "<group>";
		};
/* End PBXGroup section */

/* Begin PBXNativeTarget section */
		F8C24DFF24F9193500F2B63A /* collecionView */ = {
			isa = PBXNativeTarget;
			buildConfigurationList = F8C24E1424F9193800F2B63A /* Build configuration list for PBXNativeTarget "collecionView" */;
			buildPhases = (
				F8C24DFC24F9193500F2B63A /* Sources */,
				F8C24DFD24F9193500F2B63A /* Frameworks */,
				F8C24DFE24F9193500F2B63A /* Resources */,
			);
			buildRules = (
			);
			dependencies = (
			);
			name = collecionView;
			productName = collecionView;
			productReference = F8C24E0024F9193500F2B63A /* collecionView.app */;
			productType = "com.apple.product-type.application";
		};
/* End PBXNativeTarget section */

/* Begin PBXProject section */
		F8C24DF824F9193500F2B63A /* Project object */ = {
			isa = PBXProject;
			attributes = {
				LastSwiftUpdateCheck = 1160;
				LastUpgradeCheck = 1160;
				ORGANIZATIONNAME = "Takumi Nozawa";
				TargetAttributes = {
					F8C24DFF24F9193500F2B63A = {
						CreatedOnToolsVersion = 11.6;
					};
				};
			};
			buildConfigurationList = F8C24DFB24F9193500F2B63A /* Build configuration list for PBXProject "collecionView" */;
			compatibilityVersion = "Xcode 9.3";
			developmentRegion = en;
			hasScannedForEncodings = 0;
			knownRegions = (
				en,
				Base,
			);
			mainGroup = F8C24DF724F9193500F2B63A;
			productRefGroup = F8C24E0124F9193500F2B63A /* Products */;
			projectDirPath = "";
			projectRoot = "";
			targets = (
				F8C24DFF24F9193500F2B63A /* collecionView */,
			);
		};
/* End PBXProject section */

/* Begin PBXResourcesBuildPhase section */
		F8C24DFE24F9193500F2B63A /* Resources */ = {
			isa = PBXResourcesBuildPhase;
			buildActionMask = 2147483647;
			files = (
				F8C24E2224F91A8800F2B63A /* MyCollectionViewCell.xib in Resources */,
				F8C24E1024F9193800F2B63A /* LaunchScreen.storyboard in Resources */,
				F8C24E0D24F9193800F2B63A /* Assets.xcassets in Resources */,
				F8C24E0B24F9193500F2B63A /* Main.storyboard in Resources */,
				F8C24E1E24F91A5B00F2B63A /* CollectionTableViewCell.xib in Resources */,
			);
			runOnlyForDeploymentPostprocessing = 0;
		};
/* End PBXResourcesBuildPhase section */

/* Begin PBXSourcesBuildPhase section */
		F8C24DFC24F9193500F2B63A /* Sources */ = {
			isa = PBXSourcesBuildPhase;
			buildActionMask = 2147483647;
			files = (
				F8C24E0824F9193500F2B63A /* ViewController.swift in Sources */,
				F8C24E2124F91A8800F2B63A /* MyCollectionViewCell.swift in Sources */,
				F8C24E0424F9193500F2B63A /* AppDelegate.swift in Sources */,
				F8C24E0624F9193500F2B63A /* SceneDelegate.swift in Sources */,
				F8C24E1D24F91A5B00F2B63A /* CollectionTableViewCell.swift in Sources */,
			);
			runOnlyForDeploymentPostprocessing = 0;
		};
/* End PBXSourcesBuildPhase section */

/* Begin PBXVariantGroup section */
		F8C24E0924F9193500F2B63A /* Main.storyboard */ = {
			isa = PBXVariantGroup;
			children = (
				F8C24E0A24F9193500F2B63A /* Base */,
			);
			name = Main.storyboard;
			sourceTree = "<group>";
		};
		F8C24E0E24F9193800F2B63A /* LaunchScreen.storyboard */ = {
			isa = PBXVariantGroup;
			children = (
				F8C24E0F24F9193800F2B63A /* Base */,
			);
			name = LaunchScreen.storyboard;
			sourceTree = "<group>";
		};
/* End PBXVariantGroup section */

/* Begin XCBuildConfiguration section */
		F8C24E1224F9193800F2B63A /* Debug */ = {
			isa = XCBuildConfiguration;
			buildSettings = {
				ALWAYS_SEARCH_USER_PATHS = NO;
				CLANG_ANALYZER_NONNULL = YES;
				CLANG_ANALYZER_NUMBER_OBJECT_CONVERSION = YES_AGGRESSIVE;
				CLANG_CXX_LANGUAGE_STANDARD = "gnu++14";
				CLANG_CXX_LIBRARY = "libc++";
				CLANG_ENABLE_MODULES = YES;
				CLANG_ENABLE_OBJC_ARC = YES;
				CLANG_ENABLE_OBJC_WEAK = YES;
				CLANG_WARN_BLOCK_CAPTURE_AUTORELEASING = YES;
				CLANG_WARN_BOOL_CONVERSION = YES;
				CLANG_WARN_COMMA = YES;
				CLANG_WARN_CONSTANT_CONVERSION = YES;
				CLANG_WARN_DEPRECATED_OBJC_IMPLEMENTATIONS = YES;
				CLANG_WARN_DIRECT_OBJC_ISA_USAGE = YES_ERROR;
				CLANG_WARN_DOCUMENTATION_COMMENTS = YES;
				CLANG_WARN_EMPTY_BODY = YES;
				CLANG_WARN_ENUM_CONVERSION = YES;
				CLANG_WARN_INFINITE_RECURSION = YES;
				CLANG_WARN_INT_CONVERSION = YES;
				CLANG_WARN_NON_LITERAL_NULL_CONVERSION = YES;
				CLANG_WARN_OBJC_IMPLICIT_RETAIN_SELF = YES;
				CLANG_WARN_OBJC_LITERAL_CONVERSION = YES;
				CLANG_WARN_OBJC_ROOT_CLASS = YES_ERROR;
				CLANG_WARN_RANGE_LOOP_ANALYSIS = YES;
				CLANG_WARN_STRICT_PROTOTYPES = YES;
				CLANG_WARN_SUSPICIOUS_MOVE = YES;
				CLANG_WARN_UNGUARDED_AVAILABILITY = YES_AGGRESSIVE;
				CLANG_WARN_UNREACHABLE_CODE = YES;
				CLANG_WARN__DUPLICATE_METHOD_MATCH = YES;
				COPY_PHASE_STRIP = NO;
				DEBUG_INFORMATION_FORMAT = dwarf;
				ENABLE_STRICT_OBJC_MSGSEND = YES;
				ENABLE_TESTABILITY = YES;
				GCC_C_LANGUAGE_STANDARD = gnu11;
				GCC_DYNAMIC_NO_PIC = NO;
				GCC_NO_COMMON_BLOCKS = YES;
				GCC_OPTIMIZATION_LEVEL = 0;
				GCC_PREPROCESSOR_DEFINITIONS = (
					"DEBUG=1",
					"$(inherited)",
				);
				GCC_WARN_64_TO_32_BIT_CONVERSION = YES;
				GCC_WARN_ABOUT_RETURN_TYPE = YES_ERROR;
				GCC_WARN_UNDECLARED_SELECTOR = YES;
				GCC_WARN_UNINITIALIZED_AUTOS = YES_AGGRESSIVE;
				GCC_WARN_UNUSED_FUNCTION = YES;
				GCC_WARN_UNUSED_VARIABLE = YES;
				IPHONEOS_DEPLOYMENT_TARGET = 13.6;
				MTL_ENABLE_DEBUG_INFO = INCLUDE_SOURCE;
				MTL_FAST_MATH = YES;
				ONLY_ACTIVE_ARCH = YES;
				SDKROOT = iphoneos;
				SWIFT_ACTIVE_COMPILATION_CONDITIONS = DEBUG;
				SWIFT_OPTIMIZATION_LEVEL = "-Onone";
			};
			name = Debug;
		};
		F8C24E1324F9193800F2B63A /* Release */ = {
			isa = XCBuildConfiguration;
			buildSettings = {
				ALWAYS_SEARCH_USER_PATHS = NO;
				CLANG_ANALYZER_NONNULL = YES;
				CLANG_ANALYZER_NUMBER_OBJECT_CONVERSION = YES_AGGRESSIVE;
				CLANG_CXX_LANGUAGE_STANDARD = "gnu++14";
				CLANG_CXX_LIBRARY = "libc++";
				CLANG_ENABLE_MODULES = YES;
				CLANG_ENABLE_OBJC_ARC = YES;
				CLANG_ENABLE_OBJC_WEAK = YES;
				CLANG_WARN_BLOCK_CAPTURE_AUTORELEASING = YES;
				CLANG_WARN_BOOL_CONVERSION = YES;
				CLANG_WARN_COMMA = YES;
				CLANG_WARN_CONSTANT_CONVERSION = YES;
				CLANG_WARN_DEPRECATED_OBJC_IMPLEMENTATIONS = YES;
				CLANG_WARN_DIRECT_OBJC_ISA_USAGE = YES_ERROR;
				CLANG_WARN_DOCUMENTATION_COMMENTS = YES;
				CLANG_WARN_EMPTY_BODY = YES;
				CLANG_WARN_ENUM_CONVERSION = YES;
				CLANG_WARN_INFINITE_RECURSION = YES;
				CLANG_WARN_INT_CONVERSION = YES;
				CLANG_WARN_NON_LITERAL_NULL_CONVERSION = YES;
				CLANG_WARN_OBJC_IMPLICIT_RETAIN_SELF = YES;
				CLANG_WARN_OBJC_LITERAL_CONVERSION = YES;
				CLANG_WARN_OBJC_ROOT_CLASS = YES_ERROR;
				CLANG_WARN_RANGE_LOOP_ANALYSIS = YES;
				CLANG_WARN_STRICT_PROTOTYPES = YES;
				CLANG_WARN_SUSPICIOUS_MOVE = YES;
				CLANG_WARN_UNGUARDED_AVAILABILITY = YES_AGGRESSIVE;
				CLANG_WARN_UNREACHABLE_CODE = YES;
				CLANG_WARN__DUPLICATE_METHOD_MATCH = YES;
				COPY_PHASE_STRIP = NO;
				DEBUG_INFORMATION_FORMAT = "dwarf-with-dsym";
				ENABLE_NS_ASSERTIONS = NO;
				ENABLE_STRICT_OBJC_MSGSEND = YES;
				GCC_C_LANGUAGE_STANDARD = gnu11;
				GCC_NO_COMMON_BLOCKS = YES;
				GCC_WARN_64_TO_32_BIT_CONVERSION = YES;
				GCC_WARN_ABOUT_RETURN_TYPE = YES_ERROR;
				GCC_WARN_UNDECLARED_SELECTOR = YES;
				GCC_WARN_UNINITIALIZED_AUTOS = YES_AGGRESSIVE;
				GCC_WARN_UNUSED_FUNCTION = YES;
				GCC_WARN_UNUSED_VARIABLE = YES;
				IPHONEOS_DEPLOYMENT_TARGET = 13.6;
				MTL_ENABLE_DEBUG_INFO = NO;
				MTL_FAST_MATH = YES;
				SDKROOT = iphoneos;
				SWIFT_COMPILATION_MODE = wholemodule;
				SWIFT_OPTIMIZATION_LEVEL = "-O";
				VALIDATE_PRODUCT = YES;
			};
			name = Release;
		};
		F8C24E1524F9193800F2B63A /* Debug */ = {
			isa = XCBuildConfiguration;
			buildSettings = {
				ASSETCATALOG_COMPILER_APPICON_NAME = AppIcon;
				CODE_SIGN_STYLE = Automatic;
				DEVELOPMENT_TEAM = GBKPZ52HJ9;
				INFOPLIST_FILE = collecionView/Info.plist;
				LD_RUNPATH_SEARCH_PATHS = (
					"$(inherited)",
					"@executable_path/Frameworks",
				);
				PRODUCT_BUNDLE_IDENTIFIER = com.zawawa.collecionView;
				PRODUCT_NAME = "$(TARGET_NAME)";
				SWIFT_VERSION = 5.0;
				TARGETED_DEVICE_FAMILY = "1,2";
			};
			name = Debug;
		};
		F8C24E1624F9193800F2B63A /* Release */ = {
			isa = XCBuildConfiguration;
			buildSettings = {
				ASSETCATALOG_COMPILER_APPICON_NAME = AppIcon;
				CODE_SIGN_STYLE = Automatic;
				DEVELOPMENT_TEAM = GBKPZ52HJ9;
				INFOPLIST_FILE = collecionView/Info.plist;
				LD_RUNPATH_SEARCH_PATHS = (
					"$(inherited)",
					"@executable_path/Frameworks",
				);
				PRODUCT_BUNDLE_IDENTIFIER = com.zawawa.collecionView;
				PRODUCT_NAME = "$(TARGET_NAME)";
				SWIFT_VERSION = 5.0;
				TARGETED_DEVICE_FAMILY = "1,2";
			};
			name = Release;
		};
/* End XCBuildConfiguration section */

/* Begin XCConfigurationList section */
		F8C24DFB24F9193500F2B63A /* Build configuration list for PBXProject "collecionView" */ = {
			isa = XCConfigurationList;
			buildConfigurations = (
				F8C24E1224F9193800F2B63A /* Debug */,
				F8C24E1324F9193800F2B63A /* Release */,
			);
			defaultConfigurationIsVisible = 0;
			defaultConfigurationName = Release;
		};
		F8C24E1424F9193800F2B63A /* Build configuration list for PBXNativeTarget "collecionView" */ = {
			isa = XCConfigurationList;
			buildConfigurations = (
				F8C24E1524F9193800F2B63A /* Debug */,
				F8C24E1624F9193800F2B63A /* Release */,
			);
			defaultConfigurationIsVisible = 0;
			defaultConfigurationName = Release;
		};
/* End XCConfigurationList section */
	};
	rootObject = F8C24DF824F9193500F2B63A /* Project object */;
}
